{
  "originHash" : "b500caa334bcd6f73299352a4e2f9433c5e760a86964637843833b2c0c611e46",
  "pins" : [
    {
      "identity" : "axswift",
      "kind" : "remoteSourceControl",
      "location" : "https://github.com/tmandry/AXSwift.git",
      "state" : {
        "revision" : "81dcc36aced905d6464cc25e35f8d13184bbf21c",
        "version" : "0.3.2"
      }
    },
    {
      "identity" : "keyboardshortcuts",
      "kind" : "remoteSourceControl",
      "location" : "https://github.com/sindresorhus/KeyboardShortcuts",
      "state" : {
        "branch" : "main",
        "revision" : "db506816e7a088908d76d26c308d5405e65ad079"
      }
    }
  ],
  "version" : 3
}
