// !$*UTF8*$!
{
	archiveVersion = 1;
	classes = {
	};
	objectVersion = 55;
	objects = {

/* Begin PBXBuildFile section */
		DA8571F128F3C96C00CEF3F0 /* KeyboardShortcuts in Frameworks */ = {isa = PBXBuildFile; productRef = DA8571F028F3C96B00CEF3F0 /* KeyboardShortcuts */; };
		DA8571F328F3C9C100CEF3F0 /* Keybindings.swift in Sources */ = {isa = PBXBuildFile; fileRef = DA8571F228F3C9C100CEF3F0 /* Keybindings.swift */; };
		DA8571F728F4B34000CEF3F0 /* CandidateList.swift in Sources */ = {isa = PBXBuildFile; fileRef = DA8571F628F4B34000CEF3F0 /* CandidateList.swift */; };
		DA8571F928F4B9C600CEF3F0 /* Sequence.swift in Sources */ = {isa = PBXBuildFile; fileRef = DA8571F828F4B9C600CEF3F0 /* Sequence.swift */; };
		DA8571FD28F4BC5200CEF3F0 /* TOTPList.swift in Sources */ = {isa = PBXBuildFile; fileRef = DA8571FB28F4BC5200CEF3F0 /* TOTPList.swift */; };
		DA8571FE28F4BFFA00CEF3F0 /* CandidateList.swift in Sources */ = {isa = PBXBuildFile; fileRef = DA8571F628F4B34000CEF3F0 /* CandidateList.swift */; };
		DA9DAF8B28EA5FE9008EAF53 /* Main.storyboard in Resources */ = {isa = PBXBuildFile; fileRef = DA9DAF8A28EA5FE9008EAF53 /* Main.storyboard */; };
		DA9DAF9728EA81AC008EAF53 /* PasswordList.swift in Sources */ = {isa = PBXBuildFile; fileRef = DA9DAF9628EA81AC008EAF53 /* PasswordList.swift */; };
		DA9DAF9C28EA91BB008EAF53 /* Collection.swift in Sources */ = {isa = PBXBuildFile; fileRef = DA9DAF9B28EA91BB008EAF53 /* Collection.swift */; };
		DA9DAF9E28EA9879008EAF53 /* PDTableRowView.swift in Sources */ = {isa = PBXBuildFile; fileRef = DA9DAF9D28EA9879008EAF53 /* PDTableRowView.swift */; };
		DA9DAFA028EBC6A0008EAF53 /* Comparable.swift in Sources */ = {isa = PBXBuildFile; fileRef = DA9DAF9F28EBC6A0008EAF53 /* Comparable.swift */; };
		DA9DAFA328EBCDDC008EAF53 /* PDTextField.swift in Sources */ = {isa = PBXBuildFile; fileRef = DA9DAFA228EBCDDC008EAF53 /* PDTextField.swift */; };
		DA9DAFA728EBDFD3008EAF53 /* PDTableView.swift in Sources */ = {isa = PBXBuildFile; fileRef = DA9DAFA628EBDFD3008EAF53 /* PDTableView.swift */; };
		DA9DAFA928EBE0D8008EAF53 /* PDWindow.swift in Sources */ = {isa = PBXBuildFile; fileRef = DA9DAFA828EBE0D8008EAF53 /* PDWindow.swift */; };
		DA9DAFAB28EBEBF7008EAF53 /* PDApplication.swift in Sources */ = {isa = PBXBuildFile; fileRef = DA9DAFAA28EBEBF7008EAF53 /* PDApplication.swift */; };
		DA9DAFAD28ED357D008EAF53 /* Util.swift in Sources */ = {isa = PBXBuildFile; fileRef = DA9DAFAC28ED357D008EAF53 /* Util.swift */; };
		DA9DAFAF28EE4610008EAF53 /* PDTextView.swift in Sources */ = {isa = PBXBuildFile; fileRef = DA9DAFAE28EE4610008EAF53 /* PDTextView.swift */; };
		DA9DAFB128EE586A008EAF53 /* PDSquareView.swift in Sources */ = {isa = PBXBuildFile; fileRef = DA9DAFB028EE586A008EAF53 /* PDSquareView.swift */; };
		DA9DAFB328EE6682008EAF53 /* PDColourView.swift in Sources */ = {isa = PBXBuildFile; fileRef = DA9DAFB228EE6682008EAF53 /* PDColourView.swift */; };
		DAB9251728F7C41900F07F83 /* NullList.swift in Sources */ = {isa = PBXBuildFile; fileRef = DAB9251628F7C34F00F07F83 /* NullList.swift */; };
		DAC173E028EA424500EFE3FC /* AppDelegate.swift in Sources */ = {isa = PBXBuildFile; fileRef = DAC173DF28EA424500EFE3FC /* AppDelegate.swift */; };
		DAC173E228EA424500EFE3FC /* ViewController.swift in Sources */ = {isa = PBXBuildFile; fileRef = DAC173E128EA424500EFE3FC /* ViewController.swift */; };
		DAC173E528EA424500EFE3FC /* SwiftMenu.xcdatamodeld in Sources */ = {isa = PBXBuildFile; fileRef = DAC173E328EA424500EFE3FC /* SwiftMenu.xcdatamodeld */; };
		DAC173E728EA424700EFE3FC /* Assets.xcassets in Resources */ = {isa = PBXBuildFile; fileRef = DAC173E628EA424700EFE3FC /* Assets.xcassets */; };
		DAC6FE4328F0FC7A0043E5A1 /* MxPlus_IBM_VGA_8x16.ttf in Resources */ = {isa = PBXBuildFile; fileRef = DAC6FE4228F0FC7A0043E5A1 /* MxPlus_IBM_VGA_8x16.ttf */; };
		DAC6FE4E28F1092E0043E5A1 /* SwiftMenuUnitTesting.swift in Sources */ = {isa = PBXBuildFile; fileRef = DAC6FE4D28F1092E0043E5A1 /* SwiftMenuUnitTesting.swift */; };
		DAC6FE5228F10DFF0043E5A1 /* PasswordList.swift in Sources */ = {isa = PBXBuildFile; fileRef = DA9DAF9628EA81AC008EAF53 /* PasswordList.swift */; };
		DAC6FE6028F10EEF0043E5A1 /* Util.swift in Sources */ = {isa = PBXBuildFile; fileRef = DA9DAFAC28ED357D008EAF53 /* Util.swift */; };
		DAC6FE6A28F27D690043E5A1 /* AXSwift in Frameworks */ = {isa = PBXBuildFile; productRef = DAC6FE6928F27D690043E5A1 /* AXSwift */; };
		DAD3074828F4D2C400450541 /* Sequence.swift in Sources */ = {isa = PBXBuildFile; fileRef = DA8571F828F4B9C600CEF3F0 /* Sequence.swift */; };
/* End PBXBuildFile section */

/* Begin PBXContainerItemProxy section */
		DAC6FE5328F10E410043E5A1 /* PBXContainerItemProxy */ = {
			isa = PBXContainerItemProxy;
			containerPortal = DAC173D428EA424500EFE3FC /* Project object */;
			proxyType = 1;
			remoteGlobalIDString = DAC173DB28EA424500EFE3FC;
			remoteInfo = SwiftMenu;
		};
/* End PBXContainerItemProxy section */

/* Begin PBXFileReference section */
		DA8571F228F3C9C100CEF3F0 /* Keybindings.swift */ = {isa = PBXFileReference; lastKnownFileType = sourcecode.swift; path = Keybindings.swift; sourceTree = "<group>"; };
		DA8571F628F4B34000CEF3F0 /* CandidateList.swift */ = {isa = PBXFileReference; lastKnownFileType = sourcecode.swift; path = CandidateList.swift; sourceTree = "<group>"; };
		DA8571F828F4B9C600CEF3F0 /* Sequence.swift */ = {isa = PBXFileReference; lastKnownFileType = sourcecode.swift; path = Sequence.swift; sourceTree = "<group>"; };
		DA8571FB28F4BC5200CEF3F0 /* TOTPList.swift */ = {isa = PBXFileReference; lastKnownFileType = sourcecode.swift; path = TOTPList.swift; sourceTree = "<group>"; };
		DA9DAF8A28EA5FE9008EAF53 /* Main.storyboard */ = {isa = PBXFileReference; fileEncoding = 4; lastKnownFileType = file.storyboard; path = Main.storyboard; sourceTree = "<group>"; };
		DA9DAF9628EA81AC008EAF53 /* PasswordList.swift */ = {isa = PBXFileReference; lastKnownFileType = sourcecode.swift; path = PasswordList.swift; sourceTree = "<group>"; };
		DA9DAF9B28EA91BB008EAF53 /* Collection.swift */ = {isa = PBXFileReference; lastKnownFileType = sourcecode.swift; path = Collection.swift; sourceTree = "<group>"; };
		DA9DAF9D28EA9879008EAF53 /* PDTableRowView.swift */ = {isa = PBXFileReference; lastKnownFileType = sourcecode.swift; path = PDTableRowView.swift; sourceTree = "<group>"; };
		DA9DAF9F28EBC6A0008EAF53 /* Comparable.swift */ = {isa = PBXFileReference; lastKnownFileType = sourcecode.swift; path = Comparable.swift; sourceTree = "<group>"; };
		DA9DAFA228EBCDDC008EAF53 /* PDTextField.swift */ = {isa = PBXFileReference; lastKnownFileType = sourcecode.swift; path = PDTextField.swift; sourceTree = "<group>"; };
		DA9DAFA628EBDFD3008EAF53 /* PDTableView.swift */ = {isa = PBXFileReference; lastKnownFileType = sourcecode.swift; path = PDTableView.swift; sourceTree = "<group>"; };
		DA9DAFA828EBE0D8008EAF53 /* PDWindow.swift */ = {isa = PBXFileReference; lastKnownFileType = sourcecode.swift; path = PDWindow.swift; sourceTree = "<group>"; };
		DA9DAFAA28EBEBF7008EAF53 /* PDApplication.swift */ = {isa = PBXFileReference; lastKnownFileType = sourcecode.swift; path = PDApplication.swift; sourceTree = "<group>"; };
		DA9DAFAC28ED357D008EAF53 /* Util.swift */ = {isa = PBXFileReference; lastKnownFileType = sourcecode.swift; path = Util.swift; sourceTree = "<group>"; };
		DA9DAFAE28EE4610008EAF53 /* PDTextView.swift */ = {isa = PBXFileReference; lastKnownFileType = sourcecode.swift; path = PDTextView.swift; sourceTree = "<group>"; };
		DA9DAFB028EE586A008EAF53 /* PDSquareView.swift */ = {isa = PBXFileReference; lastKnownFileType = sourcecode.swift; path = PDSquareView.swift; sourceTree = "<group>"; };
		DA9DAFB228EE6682008EAF53 /* PDColourView.swift */ = {isa = PBXFileReference; lastKnownFileType = sourcecode.swift; path = PDColourView.swift; sourceTree = "<group>"; };
		DAB9251628F7C34F00F07F83 /* NullList.swift */ = {isa = PBXFileReference; lastKnownFileType = sourcecode.swift; path = NullList.swift; sourceTree = "<group>"; };
		DAC173DC28EA424500EFE3FC /* SwiftMenu.app */ = {isa = PBXFileReference; explicitFileType = wrapper.application; includeInIndex = 0; path = SwiftMenu.app; sourceTree = BUILT_PRODUCTS_DIR; };
		DAC173DF28EA424500EFE3FC /* AppDelegate.swift */ = {isa = PBXFileReference; lastKnownFileType = sourcecode.swift; path = AppDelegate.swift; sourceTree = "<group>"; };
		DAC173E128EA424500EFE3FC /* ViewController.swift */ = {isa = PBXFileReference; lastKnownFileType = sourcecode.swift; path = ViewController.swift; sourceTree = "<group>"; };
		DAC173E428EA424500EFE3FC /* SwiftMenu.xcdatamodel */ = {isa = PBXFileReference; lastKnownFileType = wrapper.xcdatamodel; path = SwiftMenu.xcdatamodel; sourceTree = "<group>"; };
		DAC173E628EA424700EFE3FC /* Assets.xcassets */ = {isa = PBXFileReference; lastKnownFileType = folder.assetcatalog; path = Assets.xcassets; sourceTree = "<group>"; };
		DAC173EB28EA424700EFE3FC /* SwiftMenu.entitlements */ = {isa = PBXFileReference; lastKnownFileType = text.plist.entitlements; path = SwiftMenu.entitlements; sourceTree = "<group>"; };
		DAC6FE4228F0FC7A0043E5A1 /* MxPlus_IBM_VGA_8x16.ttf */ = {isa = PBXFileReference; lastKnownFileType = file; path = MxPlus_IBM_VGA_8x16.ttf; sourceTree = "<group>"; };
		DAC6FE4428F0FCB00043E5A1 /* Info.plist */ = {isa = PBXFileReference; lastKnownFileType = text.plist; path = Info.plist; sourceTree = "<group>"; };
		DAC6FE4B28F1092E0043E5A1 /* SwiftMenuUnitTesting.xctest */ = {isa = PBXFileReference; explicitFileType = wrapper.cfbundle; includeInIndex = 0; path = SwiftMenuUnitTesting.xctest; sourceTree = BUILT_PRODUCTS_DIR; };
		DAC6FE4D28F1092E0043E5A1 /* SwiftMenuUnitTesting.swift */ = {isa = PBXFileReference; lastKnownFileType = sourcecode.swift; path = SwiftMenuUnitTesting.swift; sourceTree = "<group>"; };
/* End PBXFileReference section */

/* Begin PBXFrameworksBuildPhase section */
		DAC173D928EA424500EFE3FC /* Frameworks */ = {
			isa = PBXFrameworksBuildPhase;
			buildActionMask = 2147483647;
			files = (
				DAC6FE6A28F27D690043E5A1 /* AXSwift in Frameworks */,
				DA8571F128F3C96C00CEF3F0 /* KeyboardShortcuts in Frameworks */,
			);
			runOnlyForDeploymentPostprocessing = 0;
		};
		DAC6FE4828F1092E0043E5A1 /* Frameworks */ = {
			isa = PBXFrameworksBuildPhase;
			buildActionMask = 2147483647;
			files = (
			);
			runOnlyForDeploymentPostprocessing = 0;
		};
/* End PBXFrameworksBuildPhase section */

/* Begin PBXGroup section */
		DA8571FA28F4BC4000CEF3F0 /* CandidateProviders */ = {
			isa = PBXGroup;
			children = (
				DA8571F628F4B34000CEF3F0 /* CandidateList.swift */,
				DAB9251628F7C34F00F07F83 /* NullList.swift */,
				DA9DAF9628EA81AC008EAF53 /* PasswordList.swift */,
				DA8571FB28F4BC5200CEF3F0 /* TOTPList.swift */,
			);
			path = CandidateProviders;
			sourceTree = "<group>";
		};
		DA9DAFA428EBD2F0008EAF53 /* Extensions */ = {
			isa = PBXGroup;
			children = (
				DA9DAF9B28EA91BB008EAF53 /* Collection.swift */,
				DA9DAF9F28EBC6A0008EAF53 /* Comparable.swift */,
				DA8571F828F4B9C600CEF3F0 /* Sequence.swift */,
			);
			path = Extensions;
			sourceTree = "<group>";
		};
		DA9DAFA528EBD354008EAF53 /* Subclasses */ = {
			isa = PBXGroup;
			children = (
				DA9DAFAA28EBEBF7008EAF53 /* PDApplication.swift */,
				DA9DAFB228EE6682008EAF53 /* PDColourView.swift */,
				DA9DAFB028EE586A008EAF53 /* PDSquareView.swift */,
				DA9DAF9D28EA9879008EAF53 /* PDTableRowView.swift */,
				DA9DAFA628EBDFD3008EAF53 /* PDTableView.swift */,
				DA9DAFA228EBCDDC008EAF53 /* PDTextField.swift */,
				DA9DAFAE28EE4610008EAF53 /* PDTextView.swift */,
				DA9DAFA828EBE0D8008EAF53 /* PDWindow.swift */,
			);
			path = Subclasses;
			sourceTree = "<group>";
		};
		DAC173D328EA424500EFE3FC = {
			isa = PBXGroup;
			children = (
				DAC173DE28EA424500EFE3FC /* SwiftMenu */,
				DAC6FE4C28F1092E0043E5A1 /* SwiftMenuUnitTesting */,
				DAC173DD28EA424500EFE3FC /* Products */,
			);
			sourceTree = "<group>";
		};
		DAC173DD28EA424500EFE3FC /* Products */ = {
			isa = PBXGroup;
			children = (
				DAC173DC28EA424500EFE3FC /* SwiftMenu.app */,
				DAC6FE4B28F1092E0043E5A1 /* SwiftMenuUnitTesting.xctest */,
			);
			name = Products;
			sourceTree = "<group>";
		};
		DAC173DE28EA424500EFE3FC /* SwiftMenu */ = {
			isa = PBXGroup;
			children = (
				DA8571FA28F4BC4000CEF3F0 /* CandidateProviders */,
				DAC6FE4128F0FC580043E5A1 /* Fonts */,
				DA9DAFA528EBD354008EAF53 /* Subclasses */,
				DA9DAFA428EBD2F0008EAF53 /* Extensions */,
				DAC173DF28EA424500EFE3FC /* AppDelegate.swift */,
				DA8571F228F3C9C100CEF3F0 /* Keybindings.swift */,
				DA9DAFAC28ED357D008EAF53 /* Util.swift */,
				DAC173E128EA424500EFE3FC /* ViewController.swift */,
				DAC173E628EA424700EFE3FC /* Assets.xcassets */,
				DAC6FE4428F0FCB00043E5A1 /* Info.plist */,
				DA9DAF8A28EA5FE9008EAF53 /* Main.storyboard */,
				DAC173EB28EA424700EFE3FC /* SwiftMenu.entitlements */,
				DAC173E328EA424500EFE3FC /* SwiftMenu.xcdatamodeld */,
			);
			path = SwiftMenu;
			sourceTree = "<group>";
		};
		DAC6FE4128F0FC580043E5A1 /* Fonts */ = {
			isa = PBXGroup;
			children = (
				DAC6FE4228F0FC7A0043E5A1 /* MxPlus_IBM_VGA_8x16.ttf */,
			);
			path = Fonts;
			sourceTree = "<group>";
		};
		DAC6FE4C28F1092E0043E5A1 /* SwiftMenuUnitTesting */ = {
			isa = PBXGroup;
			children = (
				DAC6FE4D28F1092E0043E5A1 /* SwiftMenuUnitTesting.swift */,
			);
			path = SwiftMenuUnitTesting;
			sourceTree = "<group>";
		};
/* End PBXGroup section */

/* Begin PBXNativeTarget section */
		DAC173DB28EA424500EFE3FC /* SwiftMenu */ = {
			isa = PBXNativeTarget;
			buildConfigurationList = DAC173EE28EA424700EFE3FC /* Build configuration list for PBXNativeTarget "SwiftMenu" */;
			buildPhases = (
				DAC173D828EA424500EFE3FC /* Sources */,
				DAC173D928EA424500EFE3FC /* Frameworks */,
				DAC173DA28EA424500EFE3FC /* Resources */,
			);
			buildRules = (
			);
			dependencies = (
			);
			name = SwiftMenu;
			packageProductDependencies = (
				DAC6FE6928F27D690043E5A1 /* AXSwift */,
				DA8571F028F3C96B00CEF3F0 /* KeyboardShortcuts */,
			);
			productName = SwiftMenu;
			productReference = DAC173DC28EA424500EFE3FC /* SwiftMenu.app */;
			productType = "com.apple.product-type.application";
		};
		DAC6FE4A28F1092E0043E5A1 /* SwiftMenuUnitTesting */ = {
			isa = PBXNativeTarget;
			buildConfigurationList = DAC6FE4F28F1092E0043E5A1 /* Build configuration list for PBXNativeTarget "SwiftMenuUnitTesting" */;
			buildPhases = (
				DAC6FE4728F1092E0043E5A1 /* Sources */,
				DAC6FE4828F1092E0043E5A1 /* Frameworks */,
				DAC6FE4928F1092E0043E5A1 /* Resources */,
			);
			buildRules = (
			);
			dependencies = (
				DAC6FE5428F10E410043E5A1 /* PBXTargetDependency */,
			);
			name = SwiftMenuUnitTesting;
			productName = SwiftMenuUnitTesting;
			productReference = DAC6FE4B28F1092E0043E5A1 /* SwiftMenuUnitTesting.xctest */;
			productType = "com.apple.product-type.bundle.unit-test";
		};
/* End PBXNativeTarget section */

/* Begin PBXProject section */
		DAC173D428EA424500EFE3FC /* Project object */ = {
			isa = PBXProject;
			attributes = {
				BuildIndependentTargetsInParallel = 1;
				LastSwiftUpdateCheck = 1340;
				LastUpgradeCheck = 1400;
				TargetAttributes = {
					DAC173DB28EA424500EFE3FC = {
						CreatedOnToolsVersion = 13.4.1;
					};
					DAC6FE4A28F1092E0043E5A1 = {
						CreatedOnToolsVersion = 13.4.1;
					};
				};
			};
			buildConfigurationList = DAC173D728EA424500EFE3FC /* Build configuration list for PBXProject "SwiftMenu" */;
			compatibilityVersion = "Xcode 13.0";
			developmentRegion = en;
			hasScannedForEncodings = 0;
			knownRegions = (
				en,
				Base,
			);
			mainGroup = DAC173D328EA424500EFE3FC;
			packageReferences = (
				DAC6FE6828F27D690043E5A1 /* XCRemoteSwiftPackageReference "AXSwift" */,
				DA8571EF28F3C96B00CEF3F0 /* XCRemoteSwiftPackageReference "KeyboardShortcuts" */,
			);
			productRefGroup = DAC173DD28EA424500EFE3FC /* Products */;
			projectDirPath = "";
			projectRoot = "";
			targets = (
				DAC173DB28EA424500EFE3FC /* SwiftMenu */,
				DAC6FE4A28F1092E0043E5A1 /* SwiftMenuUnitTesting */,
			);
		};
/* End PBXProject section */

/* Begin PBXResourcesBuildPhase section */
		DAC173DA28EA424500EFE3FC /* Resources */ = {
			isa = PBXResourcesBuildPhase;
			buildActionMask = 2147483647;
			files = (
				DAC173E728EA424700EFE3FC /* Assets.xcassets in Resources */,
				DAC6FE4328F0FC7A0043E5A1 /* MxPlus_IBM_VGA_8x16.ttf in Resources */,
				DA9DAF8B28EA5FE9008EAF53 /* Main.storyboard in Resources */,
			);
			runOnlyForDeploymentPostprocessing = 0;
		};
		DAC6FE4928F1092E0043E5A1 /* Resources */ = {
			isa = PBXResourcesBuildPhase;
			buildActionMask = 2147483647;
			files = (
			);
			runOnlyForDeploymentPostprocessing = 0;
		};
/* End PBXResourcesBuildPhase section */

/* Begin PBXSourcesBuildPhase section */
		DAC173D828EA424500EFE3FC /* Sources */ = {
			isa = PBXSourcesBuildPhase;
			buildActionMask = 2147483647;
			files = (
				DA8571FD28F4BC5200CEF3F0 /* TOTPList.swift in Sources */,
				DAC173E528EA424500EFE3FC /* SwiftMenu.xcdatamodeld in Sources */,
				DA9DAFA728EBDFD3008EAF53 /* PDTableView.swift in Sources */,
				DA8571F928F4B9C600CEF3F0 /* Sequence.swift in Sources */,
				DAB9251728F7C41900F07F83 /* NullList.swift in Sources */,
				DAC173E228EA424500EFE3FC /* ViewController.swift in Sources */,
				DA8571F328F3C9C100CEF3F0 /* Keybindings.swift in Sources */,
				DA9DAF9728EA81AC008EAF53 /* PasswordList.swift in Sources */,
				DA9DAFB328EE6682008EAF53 /* PDColourView.swift in Sources */,
				DA8571F728F4B34000CEF3F0 /* CandidateList.swift in Sources */,
				DA9DAFA028EBC6A0008EAF53 /* Comparable.swift in Sources */,
				DA9DAF9C28EA91BB008EAF53 /* Collection.swift in Sources */,
				DA9DAFAD28ED357D008EAF53 /* Util.swift in Sources */,
				DA9DAFA328EBCDDC008EAF53 /* PDTextField.swift in Sources */,
				DA9DAFAF28EE4610008EAF53 /* PDTextView.swift in Sources */,
				DA9DAFA928EBE0D8008EAF53 /* PDWindow.swift in Sources */,
				DAC173E028EA424500EFE3FC /* AppDelegate.swift in Sources */,
				DA9DAFAB28EBEBF7008EAF53 /* PDApplication.swift in Sources */,
				DA9DAFB128EE586A008EAF53 /* PDSquareView.swift in Sources */,
				DA9DAF9E28EA9879008EAF53 /* PDTableRowView.swift in Sources */,
			);
			runOnlyForDeploymentPostprocessing = 0;
		};
		DAC6FE4728F1092E0043E5A1 /* Sources */ = {
			isa = PBXSourcesBuildPhase;
			buildActionMask = 2147483647;
			files = (
				DAC6FE5228F10DFF0043E5A1 /* PasswordList.swift in Sources */,
				DAC6FE6028F10EEF0043E5A1 /* Util.swift in Sources */,
				DAC6FE4E28F1092E0043E5A1 /* SwiftMenuUnitTesting.swift in Sources */,
				DAD3074828F4D2C400450541 /* Sequence.swift in Sources */,
				DA8571FE28F4BFFA00CEF3F0 /* CandidateList.swift in Sources */,
			);
			runOnlyForDeploymentPostprocessing = 0;
		};
/* End PBXSourcesBuildPhase section */

/* Begin PBXTargetDependency section */
		DAC6FE5428F10E410043E5A1 /* PBXTargetDependency */ = {
			isa = PBXTargetDependency;
			target = DAC173DB28EA424500EFE3FC /* SwiftMenu */;
			targetProxy = DAC6FE5328F10E410043E5A1 /* PBXContainerItemProxy */;
		};
/* End PBXTargetDependency section */

/* Begin XCBuildConfiguration section */
		DAC173EC28EA424700EFE3FC /* Debug */ = {
			isa = XCBuildConfiguration;
			buildSettings = {
				ALWAYS_SEARCH_USER_PATHS = NO;
				CLANG_ANALYZER_NONNULL = YES;
				CLANG_ANALYZER_NUMBER_OBJECT_CONVERSION = YES_AGGRESSIVE;
				CLANG_CXX_LANGUAGE_STANDARD = "gnu++17";
				CLANG_ENABLE_MODULES = YES;
				CLANG_ENABLE_OBJC_ARC = YES;
				CLANG_ENABLE_OBJC_WEAK = YES;
				CLANG_WARN_BLOCK_CAPTURE_AUTORELEASING = YES;
				CLANG_WARN_BOOL_CONVERSION = YES;
				CLANG_WARN_COMMA = YES;
				CLANG_WARN_CONSTANT_CONVERSION = YES;
				CLANG_WARN_DEPRECATED_OBJC_IMPLEMENTATIONS = YES;
				CLANG_WARN_DIRECT_OBJC_ISA_USAGE = YES_ERROR;
				CLANG_WARN_DOCUMENTATION_COMMENTS = YES;
				CLANG_WARN_EMPTY_BODY = YES;
				CLANG_WARN_ENUM_CONVERSION = YES;
				CLANG_WARN_INFINITE_RECURSION = YES;
				CLANG_WARN_INT_CONVERSION = YES;
				CLANG_WARN_NON_LITERAL_NULL_CONVERSION = YES;
				CLANG_WARN_OBJC_IMPLICIT_RETAIN_SELF = YES;
				CLANG_WARN_OBJC_LITERAL_CONVERSION = YES;
				CLANG_WARN_OBJC_ROOT_CLASS = YES_ERROR;
				CLANG_WARN_QUOTED_INCLUDE_IN_FRAMEWORK_HEADER = YES;
				CLANG_WARN_RANGE_LOOP_ANALYSIS = YES;
				CLANG_WARN_STRICT_PROTOTYPES = YES;
				CLANG_WARN_SUSPICIOUS_MOVE = YES;
				CLANG_WARN_UNGUARDED_AVAILABILITY = YES_AGGRESSIVE;
				CLANG_WARN_UNREACHABLE_CODE = YES;
				CLANG_WARN__DUPLICATE_METHOD_MATCH = YES;
				COPY_PHASE_STRIP = NO;
				DEAD_CODE_STRIPPING = YES;
				DEBUG_INFORMATION_FORMAT = dwarf;
				ENABLE_STRICT_OBJC_MSGSEND = YES;
				ENABLE_TESTABILITY = YES;
				GCC_C_LANGUAGE_STANDARD = gnu11;
				GCC_DYNAMIC_NO_PIC = NO;
				GCC_NO_COMMON_BLOCKS = YES;
				GCC_OPTIMIZATION_LEVEL = 0;
				GCC_PREPROCESSOR_DEFINITIONS = (
					"DEBUG=1",
					"$(inherited)",
				);
				GCC_WARN_64_TO_32_BIT_CONVERSION = YES;
				GCC_WARN_ABOUT_RETURN_TYPE = YES_ERROR;
				GCC_WARN_UNDECLARED_SELECTOR = YES;
				GCC_WARN_UNINITIALIZED_AUTOS = YES_AGGRESSIVE;
				GCC_WARN_UNUSED_FUNCTION = YES;
				GCC_WARN_UNUSED_VARIABLE = YES;
				MACOSX_DEPLOYMENT_TARGET = 12.3;
				MTL_ENABLE_DEBUG_INFO = INCLUDE_SOURCE;
				MTL_FAST_MATH = YES;
				ONLY_ACTIVE_ARCH = YES;
				SDKROOT = macosx;
				SWIFT_ACTIVE_COMPILATION_CONDITIONS = DEBUG;
				SWIFT_OPTIMIZATION_LEVEL = "-Onone";
			};
			name = Debug;
		};
		DAC173ED28EA424700EFE3FC /* Release */ = {
			isa = XCBuildConfiguration;
			buildSettings = {
				ALWAYS_SEARCH_USER_PATHS = NO;
				CLANG_ANALYZER_NONNULL = YES;
				CLANG_ANALYZER_NUMBER_OBJECT_CONVERSION = YES_AGGRESSIVE;
				CLANG_CXX_LANGUAGE_STANDARD = "gnu++17";
				CLANG_ENABLE_MODULES = YES;
				CLANG_ENABLE_OBJC_ARC = YES;
				CLANG_ENABLE_OBJC_WEAK = YES;
				CLANG_WARN_BLOCK_CAPTURE_AUTORELEASING = YES;
				CLANG_WARN_BOOL_CONVERSION = YES;
				CLANG_WARN_COMMA = YES;
				CLANG_WARN_CONSTANT_CONVERSION = YES;
				CLANG_WARN_DEPRECATED_OBJC_IMPLEMENTATIONS = YES;
				CLANG_WARN_DIRECT_OBJC_ISA_USAGE = YES_ERROR;
				CLANG_WARN_DOCUMENTATION_COMMENTS = YES;
				CLANG_WARN_EMPTY_BODY = YES;
				CLANG_WARN_ENUM_CONVERSION = YES;
				CLANG_WARN_INFINITE_RECURSION = YES;
				CLANG_WARN_INT_CONVERSION = YES;
				CLANG_WARN_NON_LITERAL_NULL_CONVERSION = YES;
				CLANG_WARN_OBJC_IMPLICIT_RETAIN_SELF = YES;
				CLANG_WARN_OBJC_LITERAL_CONVERSION = YES;
				CLANG_WARN_OBJC_ROOT_CLASS = YES_ERROR;
				CLANG_WARN_QUOTED_INCLUDE_IN_FRAMEWORK_HEADER = YES;
				CLANG_WARN_RANGE_LOOP_ANALYSIS = YES;
				CLANG_WARN_STRICT_PROTOTYPES = YES;
				CLANG_WARN_SUSPICIOUS_MOVE = YES;
				CLANG_WARN_UNGUARDED_AVAILABILITY = YES_AGGRESSIVE;
				CLANG_WARN_UNREACHABLE_CODE = YES;
				CLANG_WARN__DUPLICATE_METHOD_MATCH = YES;
				COPY_PHASE_STRIP = NO;
				DEAD_CODE_STRIPPING = YES;
				DEBUG_INFORMATION_FORMAT = "dwarf-with-dsym";
				ENABLE_NS_ASSERTIONS = NO;
				ENABLE_STRICT_OBJC_MSGSEND = YES;
				GCC_C_LANGUAGE_STANDARD = gnu11;
				GCC_NO_COMMON_BLOCKS = YES;
				GCC_WARN_64_TO_32_BIT_CONVERSION = YES;
				GCC_WARN_ABOUT_RETURN_TYPE = YES_ERROR;
				GCC_WARN_UNDECLARED_SELECTOR = YES;
				GCC_WARN_UNINITIALIZED_AUTOS = YES_AGGRESSIVE;
				GCC_WARN_UNUSED_FUNCTION = YES;
				GCC_WARN_UNUSED_VARIABLE = YES;
				MACOSX_DEPLOYMENT_TARGET = 12.3;
				MTL_ENABLE_DEBUG_INFO = NO;
				MTL_FAST_MATH = YES;
				SDKROOT = macosx;
				SWIFT_COMPILATION_MODE = wholemodule;
				SWIFT_OPTIMIZATION_LEVEL = "-O";
			};
			name = Release;
		};
		DAC173EF28EA424700EFE3FC /* Debug */ = {
			isa = XCBuildConfiguration;
			buildSettings = {
				ASSETCATALOG_COMPILER_APPICON_NAME = AppIcon;
				ASSETCATALOG_COMPILER_GLOBAL_ACCENT_COLOR_NAME = AccentColor;
				CODE_SIGN_ENTITLEMENTS = SwiftMenu/SwiftMenu.entitlements;
				CODE_SIGN_IDENTITY = "Apple Development";
				CODE_SIGN_STYLE = Automatic;
				COMBINE_HIDPI_IMAGES = YES;
				CURRENT_PROJECT_VERSION = 1;
				DEAD_CODE_STRIPPING = YES;
				DEVELOPMENT_TEAM = QG72S9L5L3;
				ENABLE_HARDENED_RUNTIME = YES;
				GENERATE_INFOPLIST_FILE = YES;
				INFOPLIST_FILE = SwiftMenu/Info.plist;
				INFOPLIST_KEY_NSHumanReadableCopyright = "";
				INFOPLIST_KEY_NSMainStoryboardFile = Main;
				INFOPLIST_KEY_NSPrincipalClass = PDApplication;
				LD_RUNPATH_SEARCH_PATHS = (
					"$(inherited)",
					"@executable_path/../Frameworks",
				);
				MACOSX_DEPLOYMENT_TARGET = 11.0;
				MARKETING_VERSION = 0.3.3;
				PRODUCT_BUNDLE_IDENTIFIER = com.rustlingbroccoli.SwiftMenu;
				PRODUCT_NAME = "$(TARGET_NAME)";
				SWIFT_EMIT_LOC_STRINGS = YES;
				SWIFT_OBJC_BRIDGING_HEADER = "";
				SWIFT_VERSION = 5.0;
			};
			name = Debug;
		};
		DAC173F028EA424700EFE3FC /* Release */ = {
			isa = XCBuildConfiguration;
			buildSettings = {
				ASSETCATALOG_COMPILER_APPICON_NAME = AppIcon;
				ASSETCATALOG_COMPILER_GLOBAL_ACCENT_COLOR_NAME = AccentColor;
				CODE_SIGN_ENTITLEMENTS = SwiftMenu/SwiftMenu.entitlements;
				CODE_SIGN_IDENTITY = "Apple Development";
				CODE_SIGN_STYLE = Automatic;
				COMBINE_HIDPI_IMAGES = YES;
				CURRENT_PROJECT_VERSION = 1;
				DEAD_CODE_STRIPPING = YES;
				DEVELOPMENT_TEAM = QG72S9L5L3;
				ENABLE_HARDENED_RUNTIME = YES;
				GENERATE_INFOPLIST_FILE = YES;
				INFOPLIST_FILE = SwiftMenu/Info.plist;
				INFOPLIST_KEY_NSHumanReadableCopyright = "";
				INFOPLIST_KEY_NSMainStoryboardFile = Main;
				INFOPLIST_KEY_NSPrincipalClass = PDApplication;
				LD_RUNPATH_SEARCH_PATHS = (
					"$(inherited)",
					"@executable_path/../Frameworks",
				);
				MACOSX_DEPLOYMENT_TARGET = 11.0;
				MARKETING_VERSION = 0.3.3;
				PRODUCT_BUNDLE_IDENTIFIER = com.rustlingbroccoli.SwiftMenu;
				PRODUCT_NAME = "$(TARGET_NAME)";
				SWIFT_EMIT_LOC_STRINGS = YES;
				SWIFT_OBJC_BRIDGING_HEADER = "";
				SWIFT_VERSION = 5.0;
			};
			name = Release;
		};
		DAC6FE5028F1092E0043E5A1 /* Debug */ = {
			isa = XCBuildConfiguration;
			buildSettings = {
				CODE_SIGN_STYLE = Automatic;
				CURRENT_PROJECT_VERSION = 1;
				DEVELOPMENT_TEAM = M2276M8LUL;
				GENERATE_INFOPLIST_FILE = YES;
				IPHONEOS_DEPLOYMENT_TARGET = 15.5;
				MARKETING_VERSION = 1.0;
				PRODUCT_BUNDLE_IDENTIFIER = com.rustlingbroccoli.SwiftMenuUnitTesting;
				PRODUCT_NAME = "$(TARGET_NAME)";
				SDKROOT = macosx;
				SWIFT_EMIT_LOC_STRINGS = NO;
				SWIFT_VERSION = 5.0;
				TARGETED_DEVICE_FAMILY = "1,2";
			};
			name = Debug;
		};
		DAC6FE5128F1092E0043E5A1 /* Release */ = {
			isa = XCBuildConfiguration;
			buildSettings = {
				CODE_SIGN_STYLE = Automatic;
				CURRENT_PROJECT_VERSION = 1;
				DEVELOPMENT_TEAM = M2276M8LUL;
				GENERATE_INFOPLIST_FILE = YES;
				IPHONEOS_DEPLOYMENT_TARGET = 15.5;
				MARKETING_VERSION = 1.0;
				PRODUCT_BUNDLE_IDENTIFIER = com.rustlingbroccoli.SwiftMenuUnitTesting;
				PRODUCT_NAME = "$(TARGET_NAME)";
				SDKROOT = macosx;
				SWIFT_EMIT_LOC_STRINGS = NO;
				SWIFT_VERSION = 5.0;
				TARGETED_DEVICE_FAMILY = "1,2";
				VALIDATE_PRODUCT = YES;
			};
			name = Release;
		};
/* End XCBuildConfiguration section */

/* Begin XCConfigurationList section */
		DAC173D728EA424500EFE3FC /* Build configuration list for PBXProject "SwiftMenu" */ = {
			isa = XCConfigurationList;
			buildConfigurations = (
				DAC173EC28EA424700EFE3FC /* Debug */,
				DAC173ED28EA424700EFE3FC /* Release */,
			);
			defaultConfigurationIsVisible = 0;
			defaultConfigurationName = Release;
		};
		DAC173EE28EA424700EFE3FC /* Build configuration list for PBXNativeTarget "SwiftMenu" */ = {
			isa = XCConfigurationList;
			buildConfigurations = (
				DAC173EF28EA424700EFE3FC /* Debug */,
				DAC173F028EA424700EFE3FC /* Release */,
			);
			defaultConfigurationIsVisible = 0;
			defaultConfigurationName = Release;
		};
		DAC6FE4F28F1092E0043E5A1 /* Build configuration list for PBXNativeTarget "SwiftMenuUnitTesting" */ = {
			isa = XCConfigurationList;
			buildConfigurations = (
				DAC6FE5028F1092E0043E5A1 /* Debug */,
				DAC6FE5128F1092E0043E5A1 /* Release */,
			);
			defaultConfigurationIsVisible = 0;
			defaultConfigurationName = Release;
		};
/* End XCConfigurationList section */

/* Begin XCRemoteSwiftPackageReference section */
		DA8571EF28F3C96B00CEF3F0 /* XCRemoteSwiftPackageReference "KeyboardShortcuts" */ = {
			isa = XCRemoteSwiftPackageReference;
			repositoryURL = "https://github.com/sindresorhus/KeyboardShortcuts";
			requirement = {
				branch = main;
				kind = branch;
			};
		};
		DAC6FE6828F27D690043E5A1 /* XCRemoteSwiftPackageReference "AXSwift" */ = {
			isa = XCRemoteSwiftPackageReference;
			repositoryURL = "https://github.com/tmandry/AXSwift";
			requirement = {
				kind = upToNextMajorVersion;
				minimumVersion = 0.3.2;
			};
		};
/* End XCRemoteSwiftPackageReference section */

/* Begin XCSwiftPackageProductDependency section */
		DA8571F028F3C96B00CEF3F0 /* KeyboardShortcuts */ = {
			isa = XCSwiftPackageProductDependency;
			package = DA8571EF28F3C96B00CEF3F0 /* XCRemoteSwiftPackageReference "KeyboardShortcuts" */;
			productName = KeyboardShortcuts;
		};
		DAC6FE6928F27D690043E5A1 /* AXSwift */ = {
			isa = XCSwiftPackageProductDependency;
			package = DAC6FE6828F27D690043E5A1 /* XCRemoteSwiftPackageReference "AXSwift" */;
			productName = AXSwift;
		};
/* End XCSwiftPackageProductDependency section */

/* Begin XCVersionGroup section */
		DAC173E328EA424500EFE3FC /* SwiftMenu.xcdatamodeld */ = {
			isa = XCVersionGroup;
			children = (
				DAC173E428EA424500EFE3FC /* SwiftMenu.xcdatamodel */,
			);
			currentVersion = DAC173E428EA424500EFE3FC /* SwiftMenu.xcdatamodel */;
			path = SwiftMenu.xcdatamodeld;
			sourceTree = "<group>";
			versionGroupType = wrapper.xcdatamodel;
		};
/* End XCVersionGroup section */
	};
	rootObject = DAC173D428EA424500EFE3FC /* Project object */;
}
